
Microsoft Visual Studio Solution File, Format Version 12.00
# Visual Studio Version 16
VisualStudioVersion = 16.0.28803.202
MinimumVisualStudioVersion = 10.0.40219.1
Project("{FAE04EC0-301F-11D3-BF4B-00C04F79EFBC}") = "DevTest", "DevTest\DevTest.csproj", "{674E8F05-457C-4CBF-8CD4-4F8D326A0768}"
EndProject
Global
	GlobalSection(SolutionConfigurationPlatforms) = preSolution
		Debug|Any CPU = Debug|Any CPU
		Release|Any CPU = Release|Any CPU
	EndGlobalSection
	GlobalSection(ProjectConfigurationPlatforms) = postSolution
		{674E8F05-457C-4CBF-8CD4-4F8D326A0768}.Debug|Any CPU.ActiveCfg = Debug|Any CPU
		{674E8F05-457C-4CBF-8CD4-4F8D326A0768}.Debug|Any CPU.Build.0 = Debug|Any CPU
		{674E8F05-457C-4CBF-8CD4-4F8D326A0768}.Release|Any CPU.ActiveCfg = Release|Any CPU
		{674E8F05-457C-4CBF-8CD4-4F8D326A0768}.Release|Any CPU.Build.0 = Release|Any CPU
	EndGlobalSection
	GlobalSection(SolutionProperties) = preSolution
		HideSolutionNode = FALSE
	EndGlobalSection
	GlobalSection(ExtensibilityGlobals) = postSolution
		SolutionGuid = {7C361533-88A3-4B9F-BBE3-450B0030945B}
	EndGlobalSection
EndGlobal
